{
  "name": "@sema-lang/sema-web",
  "version": "1.9.0",
  "lockfileVersion": 3,
  "requires": true,
  "packages": {
    "": {
      "name": "@sema-lang/sema-web",
      "version": "1.9.0",
      "license": "MIT",
      "dependencies": {
        "@sema-lang/sema": "^1.9.0"
      },
      "devDependencies": {
        "typescript": "^5.7.0"
      }
    },
    "node_modules/@sema-lang/sema": {
      "version": "1.12.2",
      "resolved": "https://registry.npmjs.org/@sema-lang/sema/-/sema-1.12.2.tgz",
      "integrity": "sha512-h+tbBuIrETk0Ahn0tYv4GIGHYaZsRuyJi+IZtvKa++bvT7acgj0LLVXYri6PV0NjkByyG+bk8h3vSk7cLCJnjw==",
      "license": "MIT",
      "dependencies": {
        "@sema-lang/sema-wasm": "^1.12.2"
      }
    },
    "node_modules/@sema-lang/sema-wasm": {
      "version": "1.12.2",
      "resolved": "https://registry.npmjs.org/@sema-lang/sema-wasm/-/sema-wasm-1.12.2.tgz",
      "integrity": "sha512-EFEvFhXtm8qrTzE7qytR98ikEIwZxWQ+Apm/anH/dGiqtmtlbI4asAE1pUHMw3P/eNQhKjm5fCuHIbsAmR+r8Q==",
      "license": "MIT"
    },
    "node_modules/typescript": {
      "version": "5.9.3",
      "resolved": "https://registry.npmjs.org/typescript/-/typescript-5.9.3.tgz",
      "integrity": "sha512-jl1vZzPDinLr9eUt3J/t7V6FgNEw9QjvBPdysz9KfQDD41fQrC2Y4vKQdiaUpFT4bXlb1RHhLpp8wtm6M5TgSw==",
      "dev": true,
      "license": "Apache-2.0",
      "bin": {
        "tsc": "bin/tsc",
        "tsserver": "bin/tsserver"
      },
      "engines": {
        "node": ">=14.17"
      }
    }
  }
}
